{
  "name": "TestApp",
  "lockfileVersion": 3,
  "requires": true,
  "packages": {
    "": {
      "dependencies": {
        "@dnd-kit/core": "^6.3.1",
        "@dnd-kit/modifiers": "^9.0.0",
        "@dnd-kit/sortable": "^10.0.0",
        "persist": "^0.2.7",
        "zustand": "^5.0.5"
      }
    },
    "node_modules/@dnd-kit/accessibility": {
      "version": "3.1.1",
      "resolved": "https://registry.npmjs.org/@dnd-kit/accessibility/-/accessibility-3.1.1.tgz",
      "integrity": "sha512-2P+YgaXF+gRsIihwwY1gCsQSYnu9Zyj2py8kY5fFvUM1qm2WA2u639R6YNVfU4GWr+ZM5mqEsfHZZLoRONbemw==",
      "dependencies": {
        "tslib": "^2.0.0"
      },
      "peerDependencies": {
        "react": ">=16.8.0"
      }
    },
    "node_modules/@dnd-kit/core": {
      "version": "6.3.1",
      "resolved": "https://registry.npmjs.org/@dnd-kit/core/-/core-6.3.1.tgz",
      "integrity": "sha512-xkGBRQQab4RLwgXxoqETICr6S5JlogafbhNsidmrkVv2YRs5MLwpjoF2qpiGjQt8S9AoxtIV603s0GIUpY5eYQ==",
      "dependencies": {
        "@dnd-kit/accessibility": "^3.1.1",
        "@dnd-kit/utilities": "^3.2.2",
        "tslib": "^2.0.0"
      },
      "peerDependencies": {
        "react": ">=16.8.0",
        "react-dom": ">=16.8.0"
      }
    },
    "node_modules/@dnd-kit/modifiers": {
      "version": "9.0.0",
      "resolved": "https://registry.npmjs.org/@dnd-kit/modifiers/-/modifiers-9.0.0.tgz",
      "integrity": "sha512-ybiLc66qRGuZoC20wdSSG6pDXFikui/dCNGthxv4Ndy8ylErY0N3KVxY2bgo7AWwIbxDmXDg3ylAFmnrjcbVvw==",
      "dependencies": {
        "@dnd-kit/utilities": "^3.2.2",
        "tslib": "^2.0.0"
      },
      "peerDependencies": {
        "@dnd-kit/core": "^6.3.0",
        "react": ">=16.8.0"
      }
    },
    "node_modules/@dnd-kit/sortable": {
      "version": "10.0.0",
      "resolved": "https://registry.npmjs.org/@dnd-kit/sortable/-/sortable-10.0.0.tgz",
      "integrity": "sha512-+xqhmIIzvAYMGfBYYnbKuNicfSsk4RksY2XdmJhT+HAC01nix6fHCztU68jooFiMUB01Ky3F0FyOvhG/BZrWkg==",
      "dependencies": {
        "@dnd-kit/utilities": "^3.2.2",
        "tslib": "^2.0.0"
      },
      "peerDependencies": {
        "@dnd-kit/core": "^6.3.0",
        "react": ">=16.8.0"
      }
    },
    "node_modules/@dnd-kit/utilities": {
      "version": "3.2.2",
      "resolved": "https://registry.npmjs.org/@dnd-kit/utilities/-/utilities-3.2.2.tgz",
      "integrity": "sha512-+MKAJEOfaBe5SmV6t34p80MMKhjvUz0vRrvVJbPT0WElzaOJ/1xs+D+KDv+tD/NE5ujfrChEcshd4fLn0wpiqg==",
      "dependencies": {
        "tslib": "^2.0.0"
      },
      "peerDependencies": {
        "react": ">=16.8.0"
      }
    },
    "node_modules/async": {
      "version": "0.1.15",
      "resolved": "https://registry.npmjs.org/async/-/async-0.1.15.tgz",
      "integrity": "sha512-AGVE6WcRsWX4QudgrVhdDUKAgCv67EwmzP3yEny/AI7/WqM+J8CStwMbGqeXC9p8ih4qota04EaMim/WvA8OCw==",
      "engines": {
        "node": "*"
      }
    },
    "node_modules/db-info": {
      "version": "0.0.3",
      "resolved": "https://registry.npmjs.org/db-info/-/db-info-0.0.3.tgz",
      "integrity": "sha512-sDjwqY6n5QDs4Y+2YhqCvrTaKXdylzIhp7uiAFB2I1zg7jFeL875HQJAlxU7Bzt2++x48AU5/TLDNuPjBRLHdg==",
      "dependencies": {
        "async": "~>0.1.15",
        "optimist": "~0.3.0"
      },
      "engines": {
        "node": ">=0.6.0"
      }
    },
    "node_modules/generic-pool": {
      "version": "2.0.4",
      "resolved": "https://registry.npmjs.org/generic-pool/-/generic-pool-2.0.4.tgz",
      "integrity": "sha512-xcsu0Ilg9g5C1uGgx6AriaM+3i5kSrFQ40SFjE4db27Saxq+yoI2QqMa+zmpd4xeoVmtwUD3sc9mQSaQszHuaA==",
      "engines": {
        "node": ">= 0.2.0"
      }
    },
    "node_modules/optimist": {
      "version": "0.3.7",
      "resolved": "https://registry.npmjs.org/optimist/-/optimist-0.3.7.tgz",
      "integrity": "sha512-TCx0dXQzVtSCg2OgY/bO9hjM9cV4XYx09TVK+s3+FhkjT6LovsLe+pPMzpWf+6yXK/hUizs2gUoTw3jHM0VaTQ==",
      "dependencies": {
        "wordwrap": "~0.0.2"
      }
    },
    "node_modules/over": {
      "version": "0.0.5",
      "resolved": "https://registry.npmjs.org/over/-/over-0.0.5.tgz",
      "integrity": "sha512-EEc3GCT5ce2VgLYKGeomTSgQT+4wkS13Ya9XzKiskHtemWPx0YhVErn7PtiowTOsYtRlFe6FksgwFeWG1aOJdg==",
      "engines": {
        "node": "*"
      }
    },
    "node_modules/persist": {
      "version": "0.2.7",
      "resolved": "https://registry.npmjs.org/persist/-/persist-0.2.7.tgz",
      "integrity": "sha512-qO0Ddk4g9Zqq1QggASJMRDUMB5y+SVVdnnGEDosxVmGZfRjHrk4Bcn8GDPReRmjsQf26Et8XBHWTEtQLYncQTQ==",
      "dependencies": {
        "async": "0.1.15",
        "db-info": "0.0.3",
        "generic-pool": "~2.0.2",
        "over": ">=0.0.5"
      },
      "engines": {
        "node": ">=0.6.0"
      }
    },
    "node_modules/react": {
      "version": "19.1.0",
      "resolved": "https://registry.npmjs.org/react/-/react-19.1.0.tgz",
      "integrity": "sha512-FS+XFBNvn3GTAWq26joslQgWNoFu08F4kl0J4CgdNKADkdSGXQyTCnKteIAJy96Br6YbpEU1LSzV5dYtjMkMDg==",
      "peer": true,
      "engines": {
        "node": ">=0.10.0"
      }
    },
    "node_modules/react-dom": {
      "version": "19.1.0",
      "resolved": "https://registry.npmjs.org/react-dom/-/react-dom-19.1.0.tgz",
      "integrity": "sha512-Xs1hdnE+DyKgeHJeJznQmYMIBG3TKIHJJT95Q58nHLSrElKlGQqDTR2HQ9fx5CN/Gk6Vh/kupBTDLU11/nDk/g==",
      "peer": true,
      "dependencies": {
        "scheduler": "^0.26.0"
      },
      "peerDependencies": {
        "react": "^19.1.0"
      }
    },
    "node_modules/scheduler": {
      "version": "0.26.0",
      "resolved": "https://registry.npmjs.org/scheduler/-/scheduler-0.26.0.tgz",
      "integrity": "sha512-NlHwttCI/l5gCPR3D1nNXtWABUmBwvZpEQiD4IXSbIDq8BzLIK/7Ir5gTFSGZDUu37K5cMNp0hFtzO38sC7gWA==",
      "peer": true
    },
    "node_modules/tslib": {
      "version": "2.8.1",
      "resolved": "https://registry.npmjs.org/tslib/-/tslib-2.8.1.tgz",
      "integrity": "sha512-oJFu94HQb+KVduSUQL7wnpmqnfmLsOA/nAh6b6EH0wCEoK0/mPeXU6c3wKDV83MkOuHPRHtSXKKU99IBazS/2w=="
    },
    "node_modules/wordwrap": {
      "version": "0.0.3",
      "resolved": "https://registry.npmjs.org/wordwrap/-/wordwrap-0.0.3.tgz",
      "integrity": "sha512-1tMA907+V4QmxV7dbRvb4/8MaRALK6q9Abid3ndMYnbyo8piisCmeONVqVSXqQA3KaP4SLt5b7ud6E2sqP8TFw==",
      "engines": {
        "node": ">=0.4.0"
      }
    },
    "node_modules/zustand": {
      "version": "5.0.5",
      "resolved": "https://registry.npmjs.org/zustand/-/zustand-5.0.5.tgz",
      "integrity": "sha512-mILtRfKW9xM47hqxGIxCv12gXusoY/xTSHBYApXozR0HmQv299whhBeeAcRy+KrPPybzosvJBCOmVjq6x12fCg==",
      "engines": {
        "node": ">=12.20.0"
      },
      "peerDependencies": {
        "@types/react": ">=18.0.0",
        "immer": ">=9.0.6",
        "react": ">=18.0.0",
        "use-sync-external-store": ">=1.2.0"
      },
      "peerDependenciesMeta": {
        "@types/react": {
          "optional": true
        },
        "immer": {
          "optional": true
        },
        "react": {
          "optional": true
        },
        "use-sync-external-store": {
          "optional": true
        }
      }
    }
  }
}
